
Microsoft Visual Studio Solution File, Format Version 12.00
# Visual Studio Version 16
VisualStudioVersion = 16.0.30503.244
MinimumVisualStudioVersion = 10.0.40219.1
Project("{FAE04EC0-301F-11D3-BF4B-00C04F79EFBC}") = "4.4 assignment", "4.4 assignment.csproj", "{27E70BE8-C437-422C-BAC9-407B567EF2E0}"
EndProject
Global
	GlobalSection(SolutionConfigurationPlatforms) = preSolution
		Debug|Any CPU = Debug|Any CPU
		Release|Any CPU = Release|Any CPU
	EndGlobalSection
	GlobalSection(ProjectConfigurationPlatforms) = postSolution
		{27E70BE8-C437-422C-BAC9-407B567EF2E0}.Debug|Any CPU.ActiveCfg = Debug|Any CPU
		{27E70BE8-C437-422C-BAC9-407B567EF2E0}.Debug|Any CPU.Build.0 = Debug|Any CPU
		{27E70BE8-C437-422C-BAC9-407B567EF2E0}.Release|Any CPU.ActiveCfg = Release|Any CPU
		{27E70BE8-C437-422C-BAC9-407B567EF2E0}.Release|Any CPU.Build.0 = Release|Any CPU
	EndGlobalSection
	GlobalSection(SolutionProperties) = preSolution
		HideSolutionNode = FALSE
	EndGlobalSection
	GlobalSection(ExtensibilityGlobals) = postSolution
		SolutionGuid = {C75EB213-45B1-45B2-A30E-0F8636CFF612}
	EndGlobalSection
EndGlobal
